// !$*UTF8*$!
{
	archiveVersion = 1;
	classes = {
	};
	objectVersion = 55;
	objects = {

/* Begin PBXBuildFile section */
		CB53A8CF28263D08001E37ED /* AppDelegate.swift in Sources */ = {isa = PBXBuildFile; fileRef = CB53A8CE28263D08001E37ED /* AppDelegate.swift */; };
		CB53A8D128263D08001E37ED /* SceneDelegate.swift in Sources */ = {isa = PBXBuildFile; fileRef = CB53A8D028263D08001E37ED /* SceneDelegate.swift */; };
		CB53A8D328263D08001E37ED /* ViewController.swift in Sources */ = {isa = PBXBuildFile; fileRef = CB53A8D228263D08001E37ED /* ViewController.swift */; };
		CB53A8D628263D08001E37ED /* Main.storyboard in Resources */ = {isa = PBXBuildFile; fileRef = CB53A8D428263D08001E37ED /* Main.storyboard */; };
		CB53A8D828263D08001E37ED /* Assets.xcassets in Resources */ = {isa = PBXBuildFile; fileRef = CB53A8D728263D08001E37ED /* Assets.xcassets */; };
		CB53A8DB28263D08001E37ED /* LaunchScreen.storyboard in Resources */ = {isa = PBXBuildFile; fileRef = CB53A8D928263D08001E37ED /* LaunchScreen.storyboard */; };
		CB53A8E328263EC9001E37ED /* Exercise.swift in Sources */ = {isa = PBXBuildFile; fileRef = CB53A8E228263EC9001E37ED /* Exercise.swift */; };
		CB53A8E528263F27001E37ED /* Jumping.swift in Sources */ = {isa = PBXBuildFile; fileRef = CB53A8E428263F27001E37ED /* Jumping.swift */; };
		CB53A8E728263F8C001E37ED /* Squarts.swift in Sources */ = {isa = PBXBuildFile; fileRef = CB53A8E628263F8C001E37ED /* Squarts.swift */; };
		CB53A8EA2826402A001E37ED /* FactoryExercise.swift in Sources */ = {isa = PBXBuildFile; fileRef = CB53A8E92826402A001E37ED /* FactoryExercise.swift */; };
		CB53A8ED28264AF1001E37ED /* PressUp.swift in Sources */ = {isa = PBXBuildFile; fileRef = CB53A8EC28264AF1001E37ED /* PressUp.swift */; };
/* End PBXBuildFile section */

/* Begin PBXFileReference section */
		CB53A8CB28263D08001E37ED /* Factory Method.app */ = {isa = PBXFileReference; explicitFileType = wrapper.application; includeInIndex = 0; path = "Factory Method.app"; sourceTree = BUILT_PRODUCTS_DIR; };
		CB53A8CE28263D08001E37ED /* AppDelegate.swift */ = {isa = PBXFileReference; lastKnownFileType = sourcecode.swift; path = AppDelegate.swift; sourceTree = "<group>"; };
		CB53A8D028263D08001E37ED /* SceneDelegate.swift */ = {isa = PBXFileReference; lastKnownFileType = sourcecode.swift; path = SceneDelegate.swift; sourceTree = "<group>"; };
		CB53A8D228263D08001E37ED /* ViewController.swift */ = {isa = PBXFileReference; lastKnownFileType = sourcecode.swift; path = ViewController.swift; sourceTree = "<group>"; };
		CB53A8D528263D08001E37ED /* Base */ = {isa = PBXFileReference; lastKnownFileType = file.storyboard; name = Base; path = Base.lproj/Main.storyboard; sourceTree = "<group>"; };
		CB53A8D728263D08001E37ED /* Assets.xcassets */ = {isa = PBXFileReference; lastKnownFileType = folder.assetcatalog; path = Assets.xcassets; sourceTree = "<group>"; };
		CB53A8DA28263D08001E37ED /* Base */ = {isa = PBXFileReference; lastKnownFileType = file.storyboard; name = Base; path = Base.lproj/LaunchScreen.storyboard; sourceTree = "<group>"; };
		CB53A8DC28263D08001E37ED /* Info.plist */ = {isa = PBXFileReference; lastKnownFileType = text.plist.xml; path = Info.plist; sourceTree = "<group>"; };
		CB53A8E228263EC9001E37ED /* Exercise.swift */ = {isa = PBXFileReference; lastKnownFileType = sourcecode.swift; path = Exercise.swift; sourceTree = "<group>"; };
		CB53A8E428263F27001E37ED /* Jumping.swift */ = {isa = PBXFileReference; lastKnownFileType = sourcecode.swift; path = Jumping.swift; sourceTree = "<group>"; };
		CB53A8E628263F8C001E37ED /* Squarts.swift */ = {isa = PBXFileReference; lastKnownFileType = sourcecode.swift; path = Squarts.swift; sourceTree = "<group>"; };
		CB53A8E92826402A001E37ED /* FactoryExercise.swift */ = {isa = PBXFileReference; lastKnownFileType = sourcecode.swift; path = FactoryExercise.swift; sourceTree = "<group>"; };
		CB53A8EC28264AF1001E37ED /* PressUp.swift */ = {isa = PBXFileReference; lastKnownFileType = sourcecode.swift; path = PressUp.swift; sourceTree = "<group>"; };
/* End PBXFileReference section */

/* Begin PBXFrameworksBuildPhase section */
		CB53A8C828263D08001E37ED /* Frameworks */ = {
			isa = PBXFrameworksBuildPhase;
			buildActionMask = 2147483647;
			files = (
			);
			runOnlyForDeploymentPostprocessing = 0;
		};
/* End PBXFrameworksBuildPhase section */

/* Begin PBXGroup section */
		CB53A8C228263D08001E37ED = {
			isa = PBXGroup;
			children = (
				CB53A8CD28263D08001E37ED /* Factory Method */,
				CB53A8CC28263D08001E37ED /* Products */,
			);
			sourceTree = "<group>";
		};
		CB53A8CC28263D08001E37ED /* Products */ = {
			isa = PBXGroup;
			children = (
				CB53A8CB28263D08001E37ED /* Factory Method.app */,
			);
			name = Products;
			sourceTree = "<group>";
		};
		CB53A8CD28263D08001E37ED /* Factory Method */ = {
			isa = PBXGroup;
			children = (
				CB53A8CE28263D08001E37ED /* AppDelegate.swift */,
				CB53A8D028263D08001E37ED /* SceneDelegate.swift */,
				CB53A8D228263D08001E37ED /* ViewController.swift */,
				CB53A8E828263FA3001E37ED /* Exercises */,
				CB53A8EB2826413E001E37ED /* Factory */,
				CB53A8D428263D08001E37ED /* Main.storyboard */,
				CB53A8D728263D08001E37ED /* Assets.xcassets */,
				CB53A8D928263D08001E37ED /* LaunchScreen.storyboard */,
				CB53A8DC28263D08001E37ED /* Info.plist */,
			);
			path = "Factory Method";
			sourceTree = "<group>";
		};
		CB53A8E828263FA3001E37ED /* Exercises */ = {
			isa = PBXGroup;
			children = (
				CB53A8E228263EC9001E37ED /* Exercise.swift */,
				CB53A8EC28264AF1001E37ED /* PressUp.swift */,
				CB53A8E428263F27001E37ED /* Jumping.swift */,
				CB53A8E628263F8C001E37ED /* Squarts.swift */,
			);
			path = Exercises;
			sourceTree = "<group>";
		};
		CB53A8EB2826413E001E37ED /* Factory */ = {
			isa = PBXGroup;
			children = (
				CB53A8E92826402A001E37ED /* FactoryExercise.swift */,
			);
			path = Factory;
			sourceTree = "<group>";
		};
/* End PBXGroup section */

/* Begin PBXNativeTarget section */
		CB53A8CA28263D08001E37ED /* Factory Method */ = {
			isa = PBXNativeTarget;
			buildConfigurationList = CB53A8DF28263D08001E37ED /* Build configuration list for PBXNativeTarget "Factory Method" */;
			buildPhases = (
				CB53A8C728263D08001E37ED /* Sources */,
				CB53A8C828263D08001E37ED /* Frameworks */,
				CB53A8C928263D08001E37ED /* Resources */,
			);
			buildRules = (
			);
			dependencies = (
			);
			name = "Factory Method";
			productName = "Factory Method";
			productReference = CB53A8CB28263D08001E37ED /* Factory Method.app */;
			productType = "com.apple.product-type.application";
		};
/* End PBXNativeTarget section */

/* Begin PBXProject section */
		CB53A8C328263D08001E37ED /* Project object */ = {
			isa = PBXProject;
			attributes = {
				BuildIndependentTargetsInParallel = 1;
				LastSwiftUpdateCheck = 1330;
				LastUpgradeCheck = 1330;
				TargetAttributes = {
					CB53A8CA28263D08001E37ED = {
						CreatedOnToolsVersion = 13.3.1;
					};
				};
			};
			buildConfigurationList = CB53A8C628263D08001E37ED /* Build configuration list for PBXProject "Factory Method" */;
			compatibilityVersion = "Xcode 13.0";
			developmentRegion = en;
			hasScannedForEncodings = 0;
			knownRegions = (
				en,
				Base,
			);
			mainGroup = CB53A8C228263D08001E37ED;
			productRefGroup = CB53A8CC28263D08001E37ED /* Products */;
			projectDirPath = "";
			projectRoot = "";
			targets = (
				CB53A8CA28263D08001E37ED /* Factory Method */,
			);
		};
/* End PBXProject section */

/* Begin PBXResourcesBuildPhase section */
		CB53A8C928263D08001E37ED /* Resources */ = {
			isa = PBXResourcesBuildPhase;
			buildActionMask = 2147483647;
			files = (
				CB53A8DB28263D08001E37ED /* LaunchScreen.storyboard in Resources */,
				CB53A8D828263D08001E37ED /* Assets.xcassets in Resources */,
				CB53A8D628263D08001E37ED /* Main.storyboard in Resources */,
			);
			runOnlyForDeploymentPostprocessing = 0;
		};
/* End PBXResourcesBuildPhase section */

/* Begin PBXSourcesBuildPhase section */
		CB53A8C728263D08001E37ED /* Sources */ = {
			isa = PBXSourcesBuildPhase;
			buildActionMask = 2147483647;
			files = (
				CB53A8D328263D08001E37ED /* ViewController.swift in Sources */,
				CB53A8E728263F8C001E37ED /* Squarts.swift in Sources */,
				CB53A8ED28264AF1001E37ED /* PressUp.swift in Sources */,
				CB53A8E328263EC9001E37ED /* Exercise.swift in Sources */,
				CB53A8CF28263D08001E37ED /* AppDelegate.swift in Sources */,
				CB53A8E528263F27001E37ED /* Jumping.swift in Sources */,
				CB53A8D128263D08001E37ED /* SceneDelegate.swift in Sources */,
				CB53A8EA2826402A001E37ED /* FactoryExercise.swift in Sources */,
			);
			runOnlyForDeploymentPostprocessing = 0;
		};
/* End PBXSourcesBuildPhase section */

/* Begin PBXVariantGroup section */
		CB53A8D428263D08001E37ED /* Main.storyboard */ = {
			isa = PBXVariantGroup;
			children = (
				CB53A8D528263D08001E37ED /* Base */,
			);
			name = Main.storyboard;
			sourceTree = "<group>";
		};
		CB53A8D928263D08001E37ED /* LaunchScreen.storyboard */ = {
			isa = PBXVariantGroup;
			children = (
				CB53A8DA28263D08001E37ED /* Base */,
			);
			name = LaunchScreen.storyboard;
			sourceTree = "<group>";
		};
/* End PBXVariantGroup section */

/* Begin XCBuildConfiguration section */
		CB53A8DD28263D08001E37ED /* Debug */ = {
			isa = XCBuildConfiguration;
			buildSettings = {
				ALWAYS_SEARCH_USER_PATHS = NO;
				CLANG_ANALYZER_NONNULL = YES;
				CLANG_ANALYZER_NUMBER_OBJECT_CONVERSION = YES_AGGRESSIVE;
				CLANG_CXX_LANGUAGE_STANDARD = "gnu++17";
				CLANG_ENABLE_MODULES = YES;
				CLANG_ENABLE_OBJC_ARC = YES;
				CLANG_ENABLE_OBJC_WEAK = YES;
				CLANG_WARN_BLOCK_CAPTURE_AUTORELEASING = YES;
				CLANG_WARN_BOOL_CONVERSION = YES;
				CLANG_WARN_COMMA = YES;
				CLANG_WARN_CONSTANT_CONVERSION = YES;
				CLANG_WARN_DEPRECATED_OBJC_IMPLEMENTATIONS = YES;
				CLANG_WARN_DIRECT_OBJC_ISA_USAGE = YES_ERROR;
				CLANG_WARN_DOCUMENTATION_COMMENTS = YES;
				CLANG_WARN_EMPTY_BODY = YES;
				CLANG_WARN_ENUM_CONVERSION = YES;
				CLANG_WARN_INFINITE_RECURSION = YES;
				CLANG_WARN_INT_CONVERSION = YES;
				CLANG_WARN_NON_LITERAL_NULL_CONVERSION = YES;
				CLANG_WARN_OBJC_IMPLICIT_RETAIN_SELF = YES;
				CLANG_WARN_OBJC_LITERAL_CONVERSION = YES;
				CLANG_WARN_OBJC_ROOT_CLASS = YES_ERROR;
				CLANG_WARN_QUOTED_INCLUDE_IN_FRAMEWORK_HEADER = YES;
				CLANG_WARN_RANGE_LOOP_ANALYSIS = YES;
				CLANG_WARN_STRICT_PROTOTYPES = YES;
				CLANG_WARN_SUSPICIOUS_MOVE = YES;
				CLANG_WARN_UNGUARDED_AVAILABILITY = YES_AGGRESSIVE;
				CLANG_WARN_UNREACHABLE_CODE = YES;
				CLANG_WARN__DUPLICATE_METHOD_MATCH = YES;
				COPY_PHASE_STRIP = NO;
				DEBUG_INFORMATION_FORMAT = dwarf;
				ENABLE_STRICT_OBJC_MSGSEND = YES;
				ENABLE_TESTABILITY = YES;
				GCC_C_LANGUAGE_STANDARD = gnu11;
				GCC_DYNAMIC_NO_PIC = NO;
				GCC_NO_COMMON_BLOCKS = YES;
				GCC_OPTIMIZATION_LEVEL = 0;
				GCC_PREPROCESSOR_DEFINITIONS = (
					"DEBUG=1",
					"$(inherited)",
				);
				GCC_WARN_64_TO_32_BIT_CONVERSION = YES;
				GCC_WARN_ABOUT_RETURN_TYPE = YES_ERROR;
				GCC_WARN_UNDECLARED_SELECTOR = YES;
				GCC_WARN_UNINITIALIZED_AUTOS = YES_AGGRESSIVE;
				GCC_WARN_UNUSED_FUNCTION = YES;
				GCC_WARN_UNUSED_VARIABLE = YES;
				IPHONEOS_DEPLOYMENT_TARGET = 15.4;
				MTL_ENABLE_DEBUG_INFO = INCLUDE_SOURCE;
				MTL_FAST_MATH = YES;
				ONLY_ACTIVE_ARCH = YES;
				SDKROOT = iphoneos;
				SWIFT_ACTIVE_COMPILATION_CONDITIONS = DEBUG;
				SWIFT_OPTIMIZATION_LEVEL = "-Onone";
			};
			name = Debug;
		};
		CB53A8DE28263D08001E37ED /* Release */ = {
			isa = XCBuildConfiguration;
			buildSettings = {
				ALWAYS_SEARCH_USER_PATHS = NO;
				CLANG_ANALYZER_NONNULL = YES;
				CLANG_ANALYZER_NUMBER_OBJECT_CONVERSION = YES_AGGRESSIVE;
				CLANG_CXX_LANGUAGE_STANDARD = "gnu++17";
				CLANG_ENABLE_MODULES = YES;
				CLANG_ENABLE_OBJC_ARC = YES;
				CLANG_ENABLE_OBJC_WEAK = YES;
				CLANG_WARN_BLOCK_CAPTURE_AUTORELEASING = YES;
				CLANG_WARN_BOOL_CONVERSION = YES;
				CLANG_WARN_COMMA = YES;
				CLANG_WARN_CONSTANT_CONVERSION = YES;
				CLANG_WARN_DEPRECATED_OBJC_IMPLEMENTATIONS = YES;
				CLANG_WARN_DIRECT_OBJC_ISA_USAGE = YES_ERROR;
				CLANG_WARN_DOCUMENTATION_COMMENTS = YES;
				CLANG_WARN_EMPTY_BODY = YES;
				CLANG_WARN_ENUM_CONVERSION = YES;
				CLANG_WARN_INFINITE_RECURSION = YES;
				CLANG_WARN_INT_CONVERSION = YES;
				CLANG_WARN_NON_LITERAL_NULL_CONVERSION = YES;
				CLANG_WARN_OBJC_IMPLICIT_RETAIN_SELF = YES;
				CLANG_WARN_OBJC_LITERAL_CONVERSION = YES;
				CLANG_WARN_OBJC_ROOT_CLASS = YES_ERROR;
				CLANG_WARN_QUOTED_INCLUDE_IN_FRAMEWORK_HEADER = YES;
				CLANG_WARN_RANGE_LOOP_ANALYSIS = YES;
				CLANG_WARN_STRICT_PROTOTYPES = YES;
				CLANG_WARN_SUSPICIOUS_MOVE = YES;
				CLANG_WARN_UNGUARDED_AVAILABILITY = YES_AGGRESSIVE;
				CLANG_WARN_UNREACHABLE_CODE = YES;
				CLANG_WARN__DUPLICATE_METHOD_MATCH = YES;
				COPY_PHASE_STRIP = NO;
				DEBUG_INFORMATION_FORMAT = "dwarf-with-dsym";
				ENABLE_NS_ASSERTIONS = NO;
				ENABLE_STRICT_OBJC_MSGSEND = YES;
				GCC_C_LANGUAGE_STANDARD = gnu11;
				GCC_NO_COMMON_BLOCKS = YES;
				GCC_WARN_64_TO_32_BIT_CONVERSION = YES;
				GCC_WARN_ABOUT_RETURN_TYPE = YES_ERROR;
				GCC_WARN_UNDECLARED_SELECTOR = YES;
				GCC_WARN_UNINITIALIZED_AUTOS = YES_AGGRESSIVE;
				GCC_WARN_UNUSED_FUNCTION = YES;
				GCC_WARN_UNUSED_VARIABLE = YES;
				IPHONEOS_DEPLOYMENT_TARGET = 15.4;
				MTL_ENABLE_DEBUG_INFO = NO;
				MTL_FAST_MATH = YES;
				SDKROOT = iphoneos;
				SWIFT_COMPILATION_MODE = wholemodule;
				SWIFT_OPTIMIZATION_LEVEL = "-O";
				VALIDATE_PRODUCT = YES;
			};
			name = Release;
		};
		CB53A8E028263D08001E37ED /* Debug */ = {
			isa = XCBuildConfiguration;
			buildSettings = {
				ASSETCATALOG_COMPILER_APPICON_NAME = AppIcon;
				ASSETCATALOG_COMPILER_GLOBAL_ACCENT_COLOR_NAME = AccentColor;
				CODE_SIGN_STYLE = Automatic;
				CURRENT_PROJECT_VERSION = 1;
				DEVELOPMENT_TEAM = U992F6HPYG;
				GENERATE_INFOPLIST_FILE = YES;
				INFOPLIST_FILE = "Factory Method/Info.plist";
				INFOPLIST_KEY_UIApplicationSupportsIndirectInputEvents = YES;
				INFOPLIST_KEY_UILaunchStoryboardName = LaunchScreen;
				INFOPLIST_KEY_UIMainStoryboardFile = Main;
				INFOPLIST_KEY_UISupportedInterfaceOrientations = UIInterfaceOrientationPortrait;
				INFOPLIST_KEY_UISupportedInterfaceOrientations_iPad = "UIInterfaceOrientationPortrait UIInterfaceOrientationPortraitUpsideDown UIInterfaceOrientationLandscapeLeft UIInterfaceOrientationLandscapeRight";
				INFOPLIST_KEY_UISupportedInterfaceOrientations_iPhone = "UIInterfaceOrientationPortrait UIInterfaceOrientationLandscapeLeft UIInterfaceOrientationLandscapeRight";
				LD_RUNPATH_SEARCH_PATHS = (
					"$(inherited)",
					"@executable_path/Frameworks",
				);
				MARKETING_VERSION = 1.0;
				PRODUCT_BUNDLE_IDENTIFIER = "com.nurkanatklimov.Factory-Method";
				PRODUCT_NAME = "$(TARGET_NAME)";
				SWIFT_EMIT_LOC_STRINGS = YES;
				SWIFT_VERSION = 5.0;
				TARGETED_DEVICE_FAMILY = 1;
			};
			name = Debug;
		};
		CB53A8E128263D08001E37ED /* Release */ = {
			isa = XCBuildConfiguration;
			buildSettings = {
				ASSETCATALOG_COMPILER_APPICON_NAME = AppIcon;
				ASSETCATALOG_COMPILER_GLOBAL_ACCENT_COLOR_NAME = AccentColor;
				CODE_SIGN_STYLE = Automatic;
				CURRENT_PROJECT_VERSION = 1;
				DEVELOPMENT_TEAM = U992F6HPYG;
				GENERATE_INFOPLIST_FILE = YES;
				INFOPLIST_FILE = "Factory Method/Info.plist";
				INFOPLIST_KEY_UIApplicationSupportsIndirectInputEvents = YES;
				INFOPLIST_KEY_UILaunchStoryboardName = LaunchScreen;
				INFOPLIST_KEY_UIMainStoryboardFile = Main;
				INFOPLIST_KEY_UISupportedInterfaceOrientations = UIInterfaceOrientationPortrait;
				INFOPLIST_KEY_UISupportedInterfaceOrientations_iPad = "UIInterfaceOrientationPortrait UIInterfaceOrientationPortraitUpsideDown UIInterfaceOrientationLandscapeLeft UIInterfaceOrientationLandscapeRight";
				INFOPLIST_KEY_UISupportedInterfaceOrientations_iPhone = "UIInterfaceOrientationPortrait UIInterfaceOrientationLandscapeLeft UIInterfaceOrientationLandscapeRight";
				LD_RUNPATH_SEARCH_PATHS = (
					"$(inherited)",
					"@executable_path/Frameworks",
				);
				MARKETING_VERSION = 1.0;
				PRODUCT_BUNDLE_IDENTIFIER = "com.nurkanatklimov.Factory-Method";
				PRODUCT_NAME = "$(TARGET_NAME)";
				SWIFT_EMIT_LOC_STRINGS = YES;
				SWIFT_VERSION = 5.0;
				TARGETED_DEVICE_FAMILY = 1;
			};
			name = Release;
		};
/* End XCBuildConfiguration section */

/* Begin XCConfigurationList section */
		CB53A8C628263D08001E37ED /* Build configuration list for PBXProject "Factory Method" */ = {
			isa = XCConfigurationList;
			buildConfigurations = (
				CB53A8DD28263D08001E37ED /* Debug */,
				CB53A8DE28263D08001E37ED /* Release */,
			);
			defaultConfigurationIsVisible = 0;
			defaultConfigurationName = Release;
		};
		CB53A8DF28263D08001E37ED /* Build configuration list for PBXNativeTarget "Factory Method" */ = {
			isa = XCConfigurationList;
			buildConfigurations = (
				CB53A8E028263D08001E37ED /* Debug */,
				CB53A8E128263D08001E37ED /* Release */,
			);
			defaultConfigurationIsVisible = 0;
			defaultConfigurationName = Release;
		};
/* End XCConfigurationList section */
	};
	rootObject = CB53A8C328263D08001E37ED /* Project object */;
}
